
Microsoft Visual Studio Solution File, Format Version 12.00
# Visual Studio Version 17
VisualStudioVersion = 17.9.34622.214
MinimumVisualStudioVersion = 10.0.40219.1
Project("{FAE04EC0-301F-11D3-BF4B-00C04F79EFBC}") = "Banking", "Banking.csproj", "{E41244FE-A884-416C-9512-DB75A8C31F81}"
EndProject
Global
	GlobalSection(SolutionConfigurationPlatforms) = preSolution
		Debug|Any CPU = Debug|Any CPU
		Release|Any CPU = Release|Any CPU
	EndGlobalSection
	GlobalSection(ProjectConfigurationPlatforms) = postSolution
		{E41244FE-A884-416C-9512-DB75A8C31F81}.Debug|Any CPU.ActiveCfg = Debug|Any CPU
		{E41244FE-A884-416C-9512-DB75A8C31F81}.Debug|Any CPU.Build.0 = Debug|Any CPU
		{E41244FE-A884-416C-9512-DB75A8C31F81}.Release|Any CPU.ActiveCfg = Release|Any CPU
		{E41244FE-A884-416C-9512-DB75A8C31F81}.Release|Any CPU.Build.0 = Release|Any CPU
	EndGlobalSection
	GlobalSection(SolutionProperties) = preSolution
		HideSolutionNode = FALSE
	EndGlobalSection
	GlobalSection(ExtensibilityGlobals) = postSolution
		SolutionGuid = {96A9D5E3-9F40-46F8-8F33-8B813E27DA38}
	EndGlobalSection
EndGlobal
